// !$*UTF8*$!
{
	archiveVersion = 1;
	classes = {
	};
	objectVersion = 55;
	objects = {

/* Begin PBXBuildFile section */
		A2C53A78286E29EE002AB657 /* AppDelegate.swift in Sources */ = {isa = PBXBuildFile; fileRef = A2C53A77286E29EE002AB657 /* AppDelegate.swift */; };
		A2C53A7A286E29EE002AB657 /* SceneDelegate.swift in Sources */ = {isa = PBXBuildFile; fileRef = A2C53A79286E29EE002AB657 /* SceneDelegate.swift */; };
		A2C53A7C286E29EE002AB657 /* ViewController.swift in Sources */ = {isa = PBXBuildFile; fileRef = A2C53A7B286E29EE002AB657 /* ViewController.swift */; };
		A2C53A7F286E29EE002AB657 /* Main.storyboard in Resources */ = {isa = PBXBuildFile; fileRef = A2C53A7D286E29EE002AB657 /* Main.storyboard */; };
		A2C53A81286E29EF002AB657 /* Assets.xcassets in Resources */ = {isa = PBXBuildFile; fileRef = A2C53A80286E29EF002AB657 /* Assets.xcassets */; };
		A2C53A84286E29EF002AB657 /* LaunchScreen.storyboard in Resources */ = {isa = PBXBuildFile; fileRef = A2C53A82286E29EF002AB657 /* LaunchScreen.storyboard */; };
		A2C53A8F286E29EF002AB657 /* Tasbeeh_counterTests.swift in Sources */ = {isa = PBXBuildFile; fileRef = A2C53A8E286E29EF002AB657 /* Tasbeeh_counterTests.swift */; };
		A2C53A99286E29EF002AB657 /* Tasbeeh_counterUITests.swift in Sources */ = {isa = PBXBuildFile; fileRef = A2C53A98286E29EF002AB657 /* Tasbeeh_counterUITests.swift */; };
		A2C53A9B286E29EF002AB657 /* Tasbeeh_counterUITestsLaunchTests.swift in Sources */ = {isa = PBXBuildFile; fileRef = A2C53A9A286E29EF002AB657 /* Tasbeeh_counterUITestsLaunchTests.swift */; };
/* End PBXBuildFile section */

/* Begin PBXContainerItemProxy section */
		A2C53A8B286E29EF002AB657 /* PBXContainerItemProxy */ = {
			isa = PBXContainerItemProxy;
			containerPortal = A2C53A6C286E29EE002AB657 /* Project object */;
			proxyType = 1;
			remoteGlobalIDString = A2C53A73286E29EE002AB657;
			remoteInfo = Tasbeeh_counter;
		};
		A2C53A95286E29EF002AB657 /* PBXContainerItemProxy */ = {
			isa = PBXContainerItemProxy;
			containerPortal = A2C53A6C286E29EE002AB657 /* Project object */;
			proxyType = 1;
			remoteGlobalIDString = A2C53A73286E29EE002AB657;
			remoteInfo = Tasbeeh_counter;
		};
/* End PBXContainerItemProxy section */

/* Begin PBXFileReference section */
		A2C53A74286E29EE002AB657 /* Tasbeeh_counter.app */ = {isa = PBXFileReference; explicitFileType = wrapper.application; includeInIndex = 0; path = Tasbeeh_counter.app; sourceTree = BUILT_PRODUCTS_DIR; };
		A2C53A77286E29EE002AB657 /* AppDelegate.swift */ = {isa = PBXFileReference; lastKnownFileType = sourcecode.swift; path = AppDelegate.swift; sourceTree = "<group>"; };
		A2C53A79286E29EE002AB657 /* SceneDelegate.swift */ = {isa = PBXFileReference; lastKnownFileType = sourcecode.swift; path = SceneDelegate.swift; sourceTree = "<group>"; };
		A2C53A7B286E29EE002AB657 /* ViewController.swift */ = {isa = PBXFileReference; lastKnownFileType = sourcecode.swift; path = ViewController.swift; sourceTree = "<group>"; };
		A2C53A7E286E29EE002AB657 /* Base */ = {isa = PBXFileReference; lastKnownFileType = file.storyboard; name = Base; path = Base.lproj/Main.storyboard; sourceTree = "<group>"; };
		A2C53A80286E29EF002AB657 /* Assets.xcassets */ = {isa = PBXFileReference; lastKnownFileType = folder.assetcatalog; path = Assets.xcassets; sourceTree = "<group>"; };
		A2C53A83286E29EF002AB657 /* Base */ = {isa = PBXFileReference; lastKnownFileType = file.storyboard; name = Base; path = Base.lproj/LaunchScreen.storyboard; sourceTree = "<group>"; };
		A2C53A85286E29EF002AB657 /* Info.plist */ = {isa = PBXFileReference; lastKnownFileType = text.plist.xml; path = Info.plist; sourceTree = "<group>"; };
		A2C53A8A286E29EF002AB657 /* Tasbeeh_counterTests.xctest */ = {isa = PBXFileReference; explicitFileType = wrapper.cfbundle; includeInIndex = 0; path = Tasbeeh_counterTests.xctest; sourceTree = BUILT_PRODUCTS_DIR; };
		A2C53A8E286E29EF002AB657 /* Tasbeeh_counterTests.swift */ = {isa = PBXFileReference; lastKnownFileType = sourcecode.swift; path = Tasbeeh_counterTests.swift; sourceTree = "<group>"; };
		A2C53A94286E29EF002AB657 /* Tasbeeh_counterUITests.xctest */ = {isa = PBXFileReference; explicitFileType = wrapper.cfbundle; includeInIndex = 0; path = Tasbeeh_counterUITests.xctest; sourceTree = BUILT_PRODUCTS_DIR; };
		A2C53A98286E29EF002AB657 /* Tasbeeh_counterUITests.swift */ = {isa = PBXFileReference; lastKnownFileType = sourcecode.swift; path = Tasbeeh_counterUITests.swift; sourceTree = "<group>"; };
		A2C53A9A286E29EF002AB657 /* Tasbeeh_counterUITestsLaunchTests.swift */ = {isa = PBXFileReference; lastKnownFileType = sourcecode.swift; path = Tasbeeh_counterUITestsLaunchTests.swift; sourceTree = "<group>"; };
/* End PBXFileReference section */

/* Begin PBXFrameworksBuildPhase section */
		A2C53A71286E29EE002AB657 /* Frameworks */ = {
			isa = PBXFrameworksBuildPhase;
			buildActionMask = 2147483647;
			files = (
			);
			runOnlyForDeploymentPostprocessing = 0;
		};
		A2C53A87286E29EF002AB657 /* Frameworks */ = {
			isa = PBXFrameworksBuildPhase;
			buildActionMask = 2147483647;
			files = (
			);
			runOnlyForDeploymentPostprocessing = 0;
		};
		A2C53A91286E29EF002AB657 /* Frameworks */ = {
			isa = PBXFrameworksBuildPhase;
			buildActionMask = 2147483647;
			files = (
			);
			runOnlyForDeploymentPostprocessing = 0;
		};
/* End PBXFrameworksBuildPhase section */

/* Begin PBXGroup section */
		A2C53A6B286E29EE002AB657 = {
			isa = PBXGroup;
			children = (
				A2C53A76286E29EE002AB657 /* Tasbeeh_counter */,
				A2C53A8D286E29EF002AB657 /* Tasbeeh_counterTests */,
				A2C53A97286E29EF002AB657 /* Tasbeeh_counterUITests */,
				A2C53A75286E29EE002AB657 /* Products */,
			);
			sourceTree = "<group>";
		};
		A2C53A75286E29EE002AB657 /* Products */ = {
			isa = PBXGroup;
			children = (
				A2C53A74286E29EE002AB657 /* Tasbeeh_counter.app */,
				A2C53A8A286E29EF002AB657 /* Tasbeeh_counterTests.xctest */,
				A2C53A94286E29EF002AB657 /* Tasbeeh_counterUITests.xctest */,
			);
			name = Products;
			sourceTree = "<group>";
		};
		A2C53A76286E29EE002AB657 /* Tasbeeh_counter */ = {
			isa = PBXGroup;
			children = (
				A2C53A77286E29EE002AB657 /* AppDelegate.swift */,
				A2C53A79286E29EE002AB657 /* SceneDelegate.swift */,
				A2C53A7B286E29EE002AB657 /* ViewController.swift */,
				A2C53A7D286E29EE002AB657 /* Main.storyboard */,
				A2C53A80286E29EF002AB657 /* Assets.xcassets */,
				A2C53A82286E29EF002AB657 /* LaunchScreen.storyboard */,
				A2C53A85286E29EF002AB657 /* Info.plist */,
			);
			path = Tasbeeh_counter;
			sourceTree = "<group>";
		};
		A2C53A8D286E29EF002AB657 /* Tasbeeh_counterTests */ = {
			isa = PBXGroup;
			children = (
				A2C53A8E286E29EF002AB657 /* Tasbeeh_counterTests.swift */,
			);
			path = Tasbeeh_counterTests;
			sourceTree = "<group>";
		};
		A2C53A97286E29EF002AB657 /* Tasbeeh_counterUITests */ = {
			isa = PBXGroup;
			children = (
				A2C53A98286E29EF002AB657 /* Tasbeeh_counterUITests.swift */,
				A2C53A9A286E29EF002AB657 /* Tasbeeh_counterUITestsLaunchTests.swift */,
			);
			path = Tasbeeh_counterUITests;
			sourceTree = "<group>";
		};
/* End PBXGroup section */

/* Begin PBXNativeTarget section */
		A2C53A73286E29EE002AB657 /* Tasbeeh_counter */ = {
			isa = PBXNativeTarget;
			buildConfigurationList = A2C53A9E286E29EF002AB657 /* Build configuration list for PBXNativeTarget "Tasbeeh_counter" */;
			buildPhases = (
				A2C53A70286E29EE002AB657 /* Sources */,
				A2C53A71286E29EE002AB657 /* Frameworks */,
				A2C53A72286E29EE002AB657 /* Resources */,
			);
			buildRules = (
			);
			dependencies = (
			);
			name = Tasbeeh_counter;
			productName = Tasbeeh_counter;
			productReference = A2C53A74286E29EE002AB657 /* Tasbeeh_counter.app */;
			productType = "com.apple.product-type.application";
		};
		A2C53A89286E29EF002AB657 /* Tasbeeh_counterTests */ = {
			isa = PBXNativeTarget;
			buildConfigurationList = A2C53AA1286E29EF002AB657 /* Build configuration list for PBXNativeTarget "Tasbeeh_counterTests" */;
			buildPhases = (
				A2C53A86286E29EF002AB657 /* Sources */,
				A2C53A87286E29EF002AB657 /* Frameworks */,
				A2C53A88286E29EF002AB657 /* Resources */,
			);
			buildRules = (
			);
			dependencies = (
				A2C53A8C286E29EF002AB657 /* PBXTargetDependency */,
			);
			name = Tasbeeh_counterTests;
			productName = Tasbeeh_counterTests;
			productReference = A2C53A8A286E29EF002AB657 /* Tasbeeh_counterTests.xctest */;
			productType = "com.apple.product-type.bundle.unit-test";
		};
		A2C53A93286E29EF002AB657 /* Tasbeeh_counterUITests */ = {
			isa = PBXNativeTarget;
			buildConfigurationList = A2C53AA4286E29EF002AB657 /* Build configuration list for PBXNativeTarget "Tasbeeh_counterUITests" */;
			buildPhases = (
				A2C53A90286E29EF002AB657 /* Sources */,
				A2C53A91286E29EF002AB657 /* Frameworks */,
				A2C53A92286E29EF002AB657 /* Resources */,
			);
			buildRules = (
			);
			dependencies = (
				A2C53A96286E29EF002AB657 /* PBXTargetDependency */,
			);
			name = Tasbeeh_counterUITests;
			productName = Tasbeeh_counterUITests;
			productReference = A2C53A94286E29EF002AB657 /* Tasbeeh_counterUITests.xctest */;
			productType = "com.apple.product-type.bundle.ui-testing";
		};
/* End PBXNativeTarget section */

/* Begin PBXProject section */
		A2C53A6C286E29EE002AB657 /* Project object */ = {
			isa = PBXProject;
			attributes = {
				BuildIndependentTargetsInParallel = 1;
				LastSwiftUpdateCheck = 1340;
				LastUpgradeCheck = 1340;
				TargetAttributes = {
					A2C53A73286E29EE002AB657 = {
						CreatedOnToolsVersion = 13.4.1;
					};
					A2C53A89286E29EF002AB657 = {
						CreatedOnToolsVersion = 13.4.1;
						TestTargetID = A2C53A73286E29EE002AB657;
					};
					A2C53A93286E29EF002AB657 = {
						CreatedOnToolsVersion = 13.4.1;
						TestTargetID = A2C53A73286E29EE002AB657;
					};
				};
			};
			buildConfigurationList = A2C53A6F286E29EE002AB657 /* Build configuration list for PBXProject "Tasbeeh_counter" */;
			compatibilityVersion = "Xcode 13.0";
			developmentRegion = en;
			hasScannedForEncodings = 0;
			knownRegions = (
				en,
				Base,
			);
			mainGroup = A2C53A6B286E29EE002AB657;
			productRefGroup = A2C53A75286E29EE002AB657 /* Products */;
			projectDirPath = "";
			projectRoot = "";
			targets = (
				A2C53A73286E29EE002AB657 /* Tasbeeh_counter */,
				A2C53A89286E29EF002AB657 /* Tasbeeh_counterTests */,
				A2C53A93286E29EF002AB657 /* Tasbeeh_counterUITests */,
			);
		};
/* End PBXProject section */

/* Begin PBXResourcesBuildPhase section */
		A2C53A72286E29EE002AB657 /* Resources */ = {
			isa = PBXResourcesBuildPhase;
			buildActionMask = 2147483647;
			files = (
				A2C53A84286E29EF002AB657 /* LaunchScreen.storyboard in Resources */,
				A2C53A81286E29EF002AB657 /* Assets.xcassets in Resources */,
				A2C53A7F286E29EE002AB657 /* Main.storyboard in Resources */,
			);
			runOnlyForDeploymentPostprocessing = 0;
		};
		A2C53A88286E29EF002AB657 /* Resources */ = {
			isa = PBXResourcesBuildPhase;
			buildActionMask = 2147483647;
			files = (
			);
			runOnlyForDeploymentPostprocessing = 0;
		};
		A2C53A92286E29EF002AB657 /* Resources */ = {
			isa = PBXResourcesBuildPhase;
			buildActionMask = 2147483647;
			files = (
			);
			runOnlyForDeploymentPostprocessing = 0;
		};
/* End PBXResourcesBuildPhase section */

/* Begin PBXSourcesBuildPhase section */
		A2C53A70286E29EE002AB657 /* Sources */ = {
			isa = PBXSourcesBuildPhase;
			buildActionMask = 2147483647;
			files = (
				A2C53A7C286E29EE002AB657 /* ViewController.swift in Sources */,
				A2C53A78286E29EE002AB657 /* AppDelegate.swift in Sources */,
				A2C53A7A286E29EE002AB657 /* SceneDelegate.swift in Sources */,
			);
			runOnlyForDeploymentPostprocessing = 0;
		};
		A2C53A86286E29EF002AB657 /* Sources */ = {
			isa = PBXSourcesBuildPhase;
			buildActionMask = 2147483647;
			files = (
				A2C53A8F286E29EF002AB657 /* Tasbeeh_counterTests.swift in Sources */,
			);
			runOnlyForDeploymentPostprocessing = 0;
		};
		A2C53A90286E29EF002AB657 /* Sources */ = {
			isa = PBXSourcesBuildPhase;
			buildActionMask = 2147483647;
			files = (
				A2C53A9B286E29EF002AB657 /* Tasbeeh_counterUITestsLaunchTests.swift in Sources */,
				A2C53A99286E29EF002AB657 /* Tasbeeh_counterUITests.swift in Sources */,
			);
			runOnlyForDeploymentPostprocessing = 0;
		};
/* End PBXSourcesBuildPhase section */

/* Begin PBXTargetDependency section */
		A2C53A8C286E29EF002AB657 /* PBXTargetDependency */ = {
			isa = PBXTargetDependency;
			target = A2C53A73286E29EE002AB657 /* Tasbeeh_counter */;
			targetProxy = A2C53A8B286E29EF002AB657 /* PBXContainerItemProxy */;
		};
		A2C53A96286E29EF002AB657 /* PBXTargetDependency */ = {
			isa = PBXTargetDependency;
			target = A2C53A73286E29EE002AB657 /* Tasbeeh_counter */;
			targetProxy = A2C53A95286E29EF002AB657 /* PBXContainerItemProxy */;
		};
/* End PBXTargetDependency section */

/* Begin PBXVariantGroup section */
		A2C53A7D286E29EE002AB657 /* Main.storyboard */ = {
			isa = PBXVariantGroup;
			children = (
				A2C53A7E286E29EE002AB657 /* Base */,
			);
			name = Main.storyboard;
			sourceTree = "<group>";
		};
		A2C53A82286E29EF002AB657 /* LaunchScreen.storyboard */ = {
			isa = PBXVariantGroup;
			children = (
				A2C53A83286E29EF002AB657 /* Base */,
			);
			name = LaunchScreen.storyboard;
			sourceTree = "<group>";
		};
/* End PBXVariantGroup section */

/* Begin XCBuildConfiguration section */
		A2C53A9C286E29EF002AB657 /* Debug */ = {
			isa = XCBuildConfiguration;
			buildSettings = {
				ALWAYS_SEARCH_USER_PATHS = NO;
				CLANG_ANALYZER_NONNULL = YES;
				CLANG_ANALYZER_NUMBER_OBJECT_CONVERSION = YES_AGGRESSIVE;
				CLANG_CXX_LANGUAGE_STANDARD = "gnu++17";
				CLANG_ENABLE_MODULES = YES;
				CLANG_ENABLE_OBJC_ARC = YES;
				CLANG_ENABLE_OBJC_WEAK = YES;
				CLANG_WARN_BLOCK_CAPTURE_AUTORELEASING = YES;
				CLANG_WARN_BOOL_CONVERSION = YES;
				CLANG_WARN_COMMA = YES;
				CLANG_WARN_CONSTANT_CONVERSION = YES;
				CLANG_WARN_DEPRECATED_OBJC_IMPLEMENTATIONS = YES;
				CLANG_WARN_DIRECT_OBJC_ISA_USAGE = YES_ERROR;
				CLANG_WARN_DOCUMENTATION_COMMENTS = YES;
				CLANG_WARN_EMPTY_BODY = YES;
				CLANG_WARN_ENUM_CONVERSION = YES;
				CLANG_WARN_INFINITE_RECURSION = YES;
				CLANG_WARN_INT_CONVERSION = YES;
				CLANG_WARN_NON_LITERAL_NULL_CONVERSION = YES;
				CLANG_WARN_OBJC_IMPLICIT_RETAIN_SELF = YES;
				CLANG_WARN_OBJC_LITERAL_CONVERSION = YES;
				CLANG_WARN_OBJC_ROOT_CLASS = YES_ERROR;
				CLANG_WARN_QUOTED_INCLUDE_IN_FRAMEWORK_HEADER = YES;
				CLANG_WARN_RANGE_LOOP_ANALYSIS = YES;
				CLANG_WARN_STRICT_PROTOTYPES = YES;
				CLANG_WARN_SUSPICIOUS_MOVE = YES;
				CLANG_WARN_UNGUARDED_AVAILABILITY = YES_AGGRESSIVE;
				CLANG_WARN_UNREACHABLE_CODE = YES;
				CLANG_WARN__DUPLICATE_METHOD_MATCH = YES;
				COPY_PHASE_STRIP = NO;
				DEBUG_INFORMATION_FORMAT = dwarf;
				ENABLE_STRICT_OBJC_MSGSEND = YES;
				ENABLE_TESTABILITY = YES;
				GCC_C_LANGUAGE_STANDARD = gnu11;
				GCC_DYNAMIC_NO_PIC = NO;
				GCC_NO_COMMON_BLOCKS = YES;
				GCC_OPTIMIZATION_LEVEL = 0;
				GCC_PREPROCESSOR_DEFINITIONS = (
					"DEBUG=1",
					"$(inherited)",
				);
				GCC_WARN_64_TO_32_BIT_CONVERSION = YES;
				GCC_WARN_ABOUT_RETURN_TYPE = YES_ERROR;
				GCC_WARN_UNDECLARED_SELECTOR = YES;
				GCC_WARN_UNINITIALIZED_AUTOS = YES_AGGRESSIVE;
				GCC_WARN_UNUSED_FUNCTION = YES;
				GCC_WARN_UNUSED_VARIABLE = YES;
				IPHONEOS_DEPLOYMENT_TARGET = 15.5;
				MTL_ENABLE_DEBUG_INFO = INCLUDE_SOURCE;
				MTL_FAST_MATH = YES;
				ONLY_ACTIVE_ARCH = YES;
				SDKROOT = iphoneos;
				SWIFT_ACTIVE_COMPILATION_CONDITIONS = DEBUG;
				SWIFT_OPTIMIZATION_LEVEL = "-Onone";
			};
			name = Debug;
		};
		A2C53A9D286E29EF002AB657 /* Release */ = {
			isa = XCBuildConfiguration;
			buildSettings = {
				ALWAYS_SEARCH_USER_PATHS = NO;
				CLANG_ANALYZER_NONNULL = YES;
				CLANG_ANALYZER_NUMBER_OBJECT_CONVERSION = YES_AGGRESSIVE;
				CLANG_CXX_LANGUAGE_STANDARD = "gnu++17";
				CLANG_ENABLE_MODULES = YES;
				CLANG_ENABLE_OBJC_ARC = YES;
				CLANG_ENABLE_OBJC_WEAK = YES;
				CLANG_WARN_BLOCK_CAPTURE_AUTORELEASING = YES;
				CLANG_WARN_BOOL_CONVERSION = YES;
				CLANG_WARN_COMMA = YES;
				CLANG_WARN_CONSTANT_CONVERSION = YES;
				CLANG_WARN_DEPRECATED_OBJC_IMPLEMENTATIONS = YES;
				CLANG_WARN_DIRECT_OBJC_ISA_USAGE = YES_ERROR;
				CLANG_WARN_DOCUMENTATION_COMMENTS = YES;
				CLANG_WARN_EMPTY_BODY = YES;
				CLANG_WARN_ENUM_CONVERSION = YES;
				CLANG_WARN_INFINITE_RECURSION = YES;
				CLANG_WARN_INT_CONVERSION = YES;
				CLANG_WARN_NON_LITERAL_NULL_CONVERSION = YES;
				CLANG_WARN_OBJC_IMPLICIT_RETAIN_SELF = YES;
				CLANG_WARN_OBJC_LITERAL_CONVERSION = YES;
				CLANG_WARN_OBJC_ROOT_CLASS = YES_ERROR;
				CLANG_WARN_QUOTED_INCLUDE_IN_FRAMEWORK_HEADER = YES;
				CLANG_WARN_RANGE_LOOP_ANALYSIS = YES;
				CLANG_WARN_STRICT_PROTOTYPES = YES;
				CLANG_WARN_SUSPICIOUS_MOVE = YES;
				CLANG_WARN_UNGUARDED_AVAILABILITY = YES_AGGRESSIVE;
				CLANG_WARN_UNREACHABLE_CODE = YES;
				CLANG_WARN__DUPLICATE_METHOD_MATCH = YES;
				COPY_PHASE_STRIP = NO;
				DEBUG_INFORMATION_FORMAT = "dwarf-with-dsym";
				ENABLE_NS_ASSERTIONS = NO;
				ENABLE_STRICT_OBJC_MSGSEND = YES;
				GCC_C_LANGUAGE_STANDARD = gnu11;
				GCC_NO_COMMON_BLOCKS = YES;
				GCC_WARN_64_TO_32_BIT_CONVERSION = YES;
				GCC_WARN_ABOUT_RETURN_TYPE = YES_ERROR;
				GCC_WARN_UNDECLARED_SELECTOR = YES;
				GCC_WARN_UNINITIALIZED_AUTOS = YES_AGGRESSIVE;
				GCC_WARN_UNUSED_FUNCTION = YES;
				GCC_WARN_UNUSED_VARIABLE = YES;
				IPHONEOS_DEPLOYMENT_TARGET = 15.5;
				MTL_ENABLE_DEBUG_INFO = NO;
				MTL_FAST_MATH = YES;
				SDKROOT = iphoneos;
				SWIFT_COMPILATION_MODE = wholemodule;
				SWIFT_OPTIMIZATION_LEVEL = "-O";
				VALIDATE_PRODUCT = YES;
			};
			name = Release;
		};
		A2C53A9F286E29EF002AB657 /* Debug */ = {
			isa = XCBuildConfiguration;
			buildSettings = {
				ASSETCATALOG_COMPILER_APPICON_NAME = AppIcon;
				ASSETCATALOG_COMPILER_GLOBAL_ACCENT_COLOR_NAME = AccentColor;
				CODE_SIGN_STYLE = Automatic;
				CURRENT_PROJECT_VERSION = 1;
				DEVELOPMENT_TEAM = 43QXS4C6X3;
				GENERATE_INFOPLIST_FILE = YES;
				INFOPLIST_FILE = Tasbeeh_counter/Info.plist;
				INFOPLIST_KEY_UIApplicationSupportsIndirectInputEvents = YES;
				INFOPLIST_KEY_UILaunchStoryboardName = LaunchScreen;
				INFOPLIST_KEY_UIMainStoryboardFile = Main;
				INFOPLIST_KEY_UISupportedInterfaceOrientations_iPad = "UIInterfaceOrientationPortrait UIInterfaceOrientationPortraitUpsideDown UIInterfaceOrientationLandscapeLeft UIInterfaceOrientationLandscapeRight";
				INFOPLIST_KEY_UISupportedInterfaceOrientations_iPhone = "UIInterfaceOrientationPortrait UIInterfaceOrientationLandscapeLeft UIInterfaceOrientationLandscapeRight";
				LD_RUNPATH_SEARCH_PATHS = (
					"$(inherited)",
					"@executable_path/Frameworks",
				);
				MARKETING_VERSION = 1.0;
				PRODUCT_BUNDLE_IDENTIFIER = "ShApps.Tasbeeh-counter";
				PRODUCT_NAME = "$(TARGET_NAME)";
				SWIFT_EMIT_LOC_STRINGS = YES;
				SWIFT_VERSION = 5.0;
				TARGETED_DEVICE_FAMILY = "1,2";
			};
			name = Debug;
		};
		A2C53AA0286E29EF002AB657 /* Release */ = {
			isa = XCBuildConfiguration;
			buildSettings = {
				ASSETCATALOG_COMPILER_APPICON_NAME = AppIcon;
				ASSETCATALOG_COMPILER_GLOBAL_ACCENT_COLOR_NAME = AccentColor;
				CODE_SIGN_STYLE = Automatic;
				CURRENT_PROJECT_VERSION = 1;
				DEVELOPMENT_TEAM = 43QXS4C6X3;
				GENERATE_INFOPLIST_FILE = YES;
				INFOPLIST_FILE = Tasbeeh_counter/Info.plist;
				INFOPLIST_KEY_UIApplicationSupportsIndirectInputEvents = YES;
				INFOPLIST_KEY_UILaunchStoryboardName = LaunchScreen;
				INFOPLIST_KEY_UIMainStoryboardFile = Main;
				INFOPLIST_KEY_UISupportedInterfaceOrientations_iPad = "UIInterfaceOrientationPortrait UIInterfaceOrientationPortraitUpsideDown UIInterfaceOrientationLandscapeLeft UIInterfaceOrientationLandscapeRight";
				INFOPLIST_KEY_UISupportedInterfaceOrientations_iPhone = "UIInterfaceOrientationPortrait UIInterfaceOrientationLandscapeLeft UIInterfaceOrientationLandscapeRight";
				LD_RUNPATH_SEARCH_PATHS = (
					"$(inherited)",
					"@executable_path/Frameworks",
				);
				MARKETING_VERSION = 1.0;
				PRODUCT_BUNDLE_IDENTIFIER = "ShApps.Tasbeeh-counter";
				PRODUCT_NAME = "$(TARGET_NAME)";
				SWIFT_EMIT_LOC_STRINGS = YES;
				SWIFT_VERSION = 5.0;
				TARGETED_DEVICE_FAMILY = "1,2";
			};
			name = Release;
		};
		A2C53AA2286E29EF002AB657 /* Debug */ = {
			isa = XCBuildConfiguration;
			buildSettings = {
				ALWAYS_EMBED_SWIFT_STANDARD_LIBRARIES = YES;
				BUNDLE_LOADER = "$(TEST_HOST)";
				CODE_SIGN_STYLE = Automatic;
				CURRENT_PROJECT_VERSION = 1;
				DEVELOPMENT_TEAM = 43QXS4C6X3;
				GENERATE_INFOPLIST_FILE = YES;
				IPHONEOS_DEPLOYMENT_TARGET = 15.5;
				MARKETING_VERSION = 1.0;
				PRODUCT_BUNDLE_IDENTIFIER = "ShApps.Tasbeeh-counterTests";
				PRODUCT_NAME = "$(TARGET_NAME)";
				SWIFT_EMIT_LOC_STRINGS = NO;
				SWIFT_VERSION = 5.0;
				TARGETED_DEVICE_FAMILY = "1,2";
				TEST_HOST = "$(BUILT_PRODUCTS_DIR)/Tasbeeh_counter.app/Tasbeeh_counter";
			};
			name = Debug;
		};
		A2C53AA3286E29EF002AB657 /* Release */ = {
			isa = XCBuildConfiguration;
			buildSettings = {
				ALWAYS_EMBED_SWIFT_STANDARD_LIBRARIES = YES;
				BUNDLE_LOADER = "$(TEST_HOST)";
				CODE_SIGN_STYLE = Automatic;
				CURRENT_PROJECT_VERSION = 1;
				DEVELOPMENT_TEAM = 43QXS4C6X3;
				GENERATE_INFOPLIST_FILE = YES;
				IPHONEOS_DEPLOYMENT_TARGET = 15.5;
				MARKETING_VERSION = 1.0;
				PRODUCT_BUNDLE_IDENTIFIER = "ShApps.Tasbeeh-counterTests";
				PRODUCT_NAME = "$(TARGET_NAME)";
				SWIFT_EMIT_LOC_STRINGS = NO;
				SWIFT_VERSION = 5.0;
				TARGETED_DEVICE_FAMILY = "1,2";
				TEST_HOST = "$(BUILT_PRODUCTS_DIR)/Tasbeeh_counter.app/Tasbeeh_counter";
			};
			name = Release;
		};
		A2C53AA5286E29EF002AB657 /* Debug */ = {
			isa = XCBuildConfiguration;
			buildSettings = {
				ALWAYS_EMBED_SWIFT_STANDARD_LIBRARIES = YES;
				CODE_SIGN_STYLE = Automatic;
				CURRENT_PROJECT_VERSION = 1;
				DEVELOPMENT_TEAM = 43QXS4C6X3;
				GENERATE_INFOPLIST_FILE = YES;
				MARKETING_VERSION = 1.0;
				PRODUCT_BUNDLE_IDENTIFIER = "ShApps.Tasbeeh-counterUITests";
				PRODUCT_NAME = "$(TARGET_NAME)";
				SWIFT_EMIT_LOC_STRINGS = NO;
				SWIFT_VERSION = 5.0;
				TARGETED_DEVICE_FAMILY = "1,2";
				TEST_TARGET_NAME = Tasbeeh_counter;
			};
			name = Debug;
		};
		A2C53AA6286E29EF002AB657 /* Release */ = {
			isa = XCBuildConfiguration;
			buildSettings = {
				ALWAYS_EMBED_SWIFT_STANDARD_LIBRARIES = YES;
				CODE_SIGN_STYLE = Automatic;
				CURRENT_PROJECT_VERSION = 1;
				DEVELOPMENT_TEAM = 43QXS4C6X3;
				GENERATE_INFOPLIST_FILE = YES;
				MARKETING_VERSION = 1.0;
				PRODUCT_BUNDLE_IDENTIFIER = "ShApps.Tasbeeh-counterUITests";
				PRODUCT_NAME = "$(TARGET_NAME)";
				SWIFT_EMIT_LOC_STRINGS = NO;
				SWIFT_VERSION = 5.0;
				TARGETED_DEVICE_FAMILY = "1,2";
				TEST_TARGET_NAME = Tasbeeh_counter;
			};
			name = Release;
		};
/* End XCBuildConfiguration section */

/* Begin XCConfigurationList section */
		A2C53A6F286E29EE002AB657 /* Build configuration list for PBXProject "Tasbeeh_counter" */ = {
			isa = XCConfigurationList;
			buildConfigurations = (
				A2C53A9C286E29EF002AB657 /* Debug */,
				A2C53A9D286E29EF002AB657 /* Release */,
			);
			defaultConfigurationIsVisible = 0;
			defaultConfigurationName = Release;
		};
		A2C53A9E286E29EF002AB657 /* Build configuration list for PBXNativeTarget "Tasbeeh_counter" */ = {
			isa = XCConfigurationList;
			buildConfigurations = (
				A2C53A9F286E29EF002AB657 /* Debug */,
				A2C53AA0286E29EF002AB657 /* Release */,
			);
			defaultConfigurationIsVisible = 0;
			defaultConfigurationName = Release;
		};
		A2C53AA1286E29EF002AB657 /* Build configuration list for PBXNativeTarget "Tasbeeh_counterTests" */ = {
			isa = XCConfigurationList;
			buildConfigurations = (
				A2C53AA2286E29EF002AB657 /* Debug */,
				A2C53AA3286E29EF002AB657 /* Release */,
			);
			defaultConfigurationIsVisible = 0;
			defaultConfigurationName = Release;
		};
		A2C53AA4286E29EF002AB657 /* Build configuration list for PBXNativeTarget "Tasbeeh_counterUITests" */ = {
			isa = XCConfigurationList;
			buildConfigurations = (
				A2C53AA5286E29EF002AB657 /* Debug */,
				A2C53AA6286E29EF002AB657 /* Release */,
			);
			defaultConfigurationIsVisible = 0;
			defaultConfigurationName = Release;
		};
/* End XCConfigurationList section */
	};
	rootObject = A2C53A6C286E29EE002AB657 /* Project object */;
}
